
Microsoft Visual Studio Solution File, Format Version 12.00
# Visual Studio Version 17
VisualStudioVersion = 17.3.32901.215
MinimumVisualStudioVersion = 10.0.40219.1
Project("{FAE04EC0-301F-11D3-BF4B-00C04F79EFBC}") = "ders-textbex", "ders-textbex\ders-textbex.csproj", "{E2DEF515-53DC-4D3E-A3A9-AD00C34EAF68}"
EndProject
Global
	GlobalSection(SolutionConfigurationPlatforms) = preSolution
		Debug|Any CPU = Debug|Any CPU
		Release|Any CPU = Release|Any CPU
	EndGlobalSection
	GlobalSection(ProjectConfigurationPlatforms) = postSolution
		{E2DEF515-53DC-4D3E-A3A9-AD00C34EAF68}.Debug|Any CPU.ActiveCfg = Debug|Any CPU
		{E2DEF515-53DC-4D3E-A3A9-AD00C34EAF68}.Debug|Any CPU.Build.0 = Debug|Any CPU
		{E2DEF515-53DC-4D3E-A3A9-AD00C34EAF68}.Release|Any CPU.ActiveCfg = Release|Any CPU
		{E2DEF515-53DC-4D3E-A3A9-AD00C34EAF68}.Release|Any CPU.Build.0 = Release|Any CPU
	EndGlobalSection
	GlobalSection(SolutionProperties) = preSolution
		HideSolutionNode = FALSE
	EndGlobalSection
	GlobalSection(ExtensibilityGlobals) = postSolution
		SolutionGuid = {10D1A595-3EE5-486D-BDEF-03C30F23C62D}
	EndGlobalSection
EndGlobal
